lockfileVersion: '9.0'

settings:
  autoInstallPeers: false
  excludeLinksFromLockfile: false

importers:

  .:
    dependencies:
      yocto-queue:
        specifier: github:sindresorhus/yocto-queue#b07eac099753833b29d06c614149904445739776
        version: https://codeload.github.com/sindresorhus/yocto-queue/tar.gz/b07eac099753833b29d06c614149904445739776

packages:

  yocto-queue@https://codeload.github.com/sindresorhus/yocto-queue/tar.gz/b07eac099753833b29d06c614149904445739776:
    resolution: {gitHosted: true, integrity: sha512-uigHjrktsOSW1YnPUBWg26mtPQ3EmZ9jcsKlIzy4ziYP6KZzQSDZqccWVrNzcuHcrvWh8LqCSs009/hBKvxO8Q==, tarball: https://codeload.github.com/sindresorhus/yocto-queue/tar.gz/b07eac099753833b29d06c614149904445739776}
    version: 1.2.2
    engines: {node: '>=12.20'}

snapshots:

  yocto-queue@https://codeload.github.com/sindresorhus/yocto-queue/tar.gz/b07eac099753833b29d06c614149904445739776: {}
